
Microsoft Visual Studio Solution File, Format Version 12.00
# Visual Studio Version 17
VisualStudioVersion = 17.9.34728.123
MinimumVisualStudioVersion = 10.0.40219.1
Project("{FAE04EC0-301F-11D3-BF4B-00C04F79EFBC}") = "ForgeEventApp", "ForgeEventApp\ForgeEventApp.csproj", "{A7B58958-C5C6-43F9-931D-4EA999961357}"
EndProject
Global
	GlobalSection(SolutionConfigurationPlatforms) = preSolution
		Debug|Any CPU = Debug|Any CPU
		Release|Any CPU = Release|Any CPU
	EndGlobalSection
	GlobalSection(ProjectConfigurationPlatforms) = postSolution
		{A7B58958-C5C6-43F9-931D-4EA999961357}.Debug|Any CPU.ActiveCfg = Debug|Any CPU
		{A7B58958-C5C6-43F9-931D-4EA999961357}.Debug|Any CPU.Build.0 = Debug|Any CPU
		{A7B58958-C5C6-43F9-931D-4EA999961357}.Release|Any CPU.ActiveCfg = Release|Any CPU
		{A7B58958-C5C6-43F9-931D-4EA999961357}.Release|Any CPU.Build.0 = Release|Any CPU
	EndGlobalSection
	GlobalSection(SolutionProperties) = preSolution
		HideSolutionNode = FALSE
	EndGlobalSection
	GlobalSection(ExtensibilityGlobals) = postSolution
		SolutionGuid = {FA6E8B74-A139-4EC0-9CCB-B3708C04CB1E}
	EndGlobalSection
EndGlobal
